
Microsoft Visual Studio Solution File, Format Version 12.00
# Visual Studio Version 17
VisualStudioVersion = 17.1.32328.378
MinimumVisualStudioVersion = 10.0.40219.1
Project("{9A19103F-16F7-4668-BE54-9A1E7A4F7556}") = "RPA.MIT.Notification.Function", "RPA.MIT.Notification.Function\RPA.MIT.Notification.Function.csproj", "{1D256A86-CDE0-4C2E-BB28-5937989882D0}"
EndProject
Project("{9A19103F-16F7-4668-BE54-9A1E7A4F7556}") = "RPA.MIT.Notification.Function.Tests", "RPA.MIT.Notification.Function.Testss\RPA.MIT.Notification.Function.Testss.csproj", "{D6C27646-9092-49A8-BFC3-09FE65ADD670}"
EndProject
Project("{2150E333-8FDC-42A3-9474-1A3956D46DE8}") = "Solution Items", "Solution Items", "{58894276-03F1-4A8C-AE8D-E3B914AEC630}"
	ProjectSection(SolutionItems) = preProject
		azure-pipelines.yml = azure-pipelines.yml
		README.md = README.md
	EndProjectSection
EndProject
Global
	GlobalSection(SolutionConfigurationPlatforms) = preSolution
		Debug|Any CPU = Debug|Any CPU
		Release|Any CPU = Release|Any CPU
	EndGlobalSection
	GlobalSection(ProjectConfigurationPlatforms) = postSolution
		{1D256A86-CDE0-4C2E-BB28-5937989882D0}.Debug|Any CPU.ActiveCfg = Debug|Any CPU
		{1D256A86-CDE0-4C2E-BB28-5937989882D0}.Debug|Any CPU.Build.0 = Debug|Any CPU
		{1D256A86-CDE0-4C2E-BB28-5937989882D0}.Release|Any CPU.ActiveCfg = Release|Any CPU
		{1D256A86-CDE0-4C2E-BB28-5937989882D0}.Release|Any CPU.Build.0 = Release|Any CPU
		{D6C27646-9092-49A8-BFC3-09FE65ADD670}.Debug|Any CPU.ActiveCfg = Debug|Any CPU
		{D6C27646-9092-49A8-BFC3-09FE65ADD670}.Debug|Any CPU.Build.0 = Debug|Any CPU
		{D6C27646-9092-49A8-BFC3-09FE65ADD670}.Release|Any CPU.ActiveCfg = Release|Any CPU
		{D6C27646-9092-49A8-BFC3-09FE65ADD670}.Release|Any CPU.Build.0 = Release|Any CPU
	EndGlobalSection
	GlobalSection(SolutionProperties) = preSolution
		HideSolutionNode = FALSE
	EndGlobalSection
	GlobalSection(ExtensibilityGlobals) = postSolution
		SolutionGuid = {0405F14A-86A1-4174-B183-257E848C7E41}
	EndGlobalSection
EndGlobal
